// !$*UTF8*$!
{
	archiveVersion = 1;
	classes = {
	};
	objectVersion = 56;
	objects = {

/* Begin PBXBuildFile section */
		4C0D94612B9764EE006BCAD9 /* WeatherCore.framework in Frameworks */ = {isa = PBXBuildFile; fileRef = 4C0D94602B9764EE006BCAD9 /* WeatherCore.framework */; };
		4C0D94622B9764EE006BCAD9 /* WeatherCore.framework in Embed Frameworks */ = {isa = PBXBuildFile; fileRef = 4C0D94602B9764EE006BCAD9 /* WeatherCore.framework */; settings = {ATTRIBUTES = (CodeSignOnCopy, RemoveHeadersOnCopy, ); }; };
		4CB5F19A2B96EF1E00D10CDA /* API.h in Headers */ = {isa = PBXBuildFile; fileRef = 4CB5F18E2B96ECAF00D10CDA /* API.h */; };
		4CF5AED62B96CD8800B2E352 /* WeatherAPI.swift in Sources */ = {isa = PBXBuildFile; fileRef = 4CF5AED52B96CD8800B2E352 /* WeatherAPI.swift */; };
		4CF5AF1F2B96D46000B2E352 /* Model.framework in Frameworks */ = {isa = PBXBuildFile; fileRef = 4CF5AF1E2B96D46000B2E352 /* Model.framework */; };
		4CF5AF202B96D46000B2E352 /* Model.framework in Embed Frameworks */ = {isa = PBXBuildFile; fileRef = 4CF5AF1E2B96D46000B2E352 /* Model.framework */; settings = {ATTRIBUTES = (CodeSignOnCopy, RemoveHeadersOnCopy, ); }; };
		4CF5AF462B96D78800B2E352 /* RequestService.swift in Sources */ = {isa = PBXBuildFile; fileRef = 4CF5AF402B96D78800B2E352 /* RequestService.swift */; };
		4CF5AF472B96D78800B2E352 /* NetworkError.swift in Sources */ = {isa = PBXBuildFile; fileRef = 4CF5AF412B96D78800B2E352 /* NetworkError.swift */; };
		4CF5AF482B96D78800B2E352 /* RequestProtocol.swift in Sources */ = {isa = PBXBuildFile; fileRef = 4CF5AF422B96D78800B2E352 /* RequestProtocol.swift */; };
		4CF5AF4B2B96D78800B2E352 /* RequestServiceProtocol.swift in Sources */ = {isa = PBXBuildFile; fileRef = 4CF5AF452B96D78800B2E352 /* RequestServiceProtocol.swift */; };
		4CF5AF4F2B96D84A00B2E352 /* APIRequest.swift in Sources */ = {isa = PBXBuildFile; fileRef = 4CF5AF4E2B96D84A00B2E352 /* APIRequest.swift */; };
		4CF5AF512B96D88700B2E352 /* APIResponses.swift in Sources */ = {isa = PBXBuildFile; fileRef = 4CF5AF502B96D88700B2E352 /* APIResponses.swift */; };
		4CF5AF552B96DBAD00B2E352 /* WeatherListDataManager.swift in Sources */ = {isa = PBXBuildFile; fileRef = 4CF5AF542B96DBAD00B2E352 /* WeatherListDataManager.swift */; };
		B32B5394E3D49450F809B0B1 /* Pods_api_API.framework in Frameworks */ = {isa = PBXBuildFile; fileRef = 4A4C78FDB8C95DA734912892 /* Pods_api_API.framework */; };
/* End PBXBuildFile section */

/* Begin PBXCopyFilesBuildPhase section */
		4CF5AF212B96D46000B2E352 /* Embed Frameworks */ = {
			isa = PBXCopyFilesBuildPhase;
			buildActionMask = 2147483647;
			dstPath = "";
			dstSubfolderSpec = 10;
			files = (
				4C0D94622B9764EE006BCAD9 /* WeatherCore.framework in Embed Frameworks */,
				4CF5AF202B96D46000B2E352 /* Model.framework in Embed Frameworks */,
			);
			name = "Embed Frameworks";
			runOnlyForDeploymentPostprocessing = 0;
		};
/* End PBXCopyFilesBuildPhase section */

/* Begin PBXFileReference section */
		12A772A2DC72D2CA80B7D94B /* Pods-api-API.release.xcconfig */ = {isa = PBXFileReference; includeInIndex = 1; lastKnownFileType = text.xcconfig; name = "Pods-api-API.release.xcconfig"; path = "Target Support Files/Pods-api-API/Pods-api-API.release.xcconfig"; sourceTree = "<group>"; };
		4A4C78FDB8C95DA734912892 /* Pods_api_API.framework */ = {isa = PBXFileReference; explicitFileType = wrapper.framework; includeInIndex = 0; path = Pods_api_API.framework; sourceTree = BUILT_PRODUCTS_DIR; };
		4C0D94602B9764EE006BCAD9 /* WeatherCore.framework */ = {isa = PBXFileReference; explicitFileType = wrapper.framework; path = WeatherCore.framework; sourceTree = BUILT_PRODUCTS_DIR; };
		4CB5F18E2B96ECAF00D10CDA /* API.h */ = {isa = PBXFileReference; fileEncoding = 4; lastKnownFileType = sourcecode.c.h; path = API.h; sourceTree = "<group>"; };
		4CF5AE8A2B96C9B500B2E352 /* API.framework */ = {isa = PBXFileReference; explicitFileType = wrapper.framework; includeInIndex = 0; path = API.framework; sourceTree = BUILT_PRODUCTS_DIR; };
		4CF5AED52B96CD8800B2E352 /* WeatherAPI.swift */ = {isa = PBXFileReference; fileEncoding = 4; lastKnownFileType = sourcecode.swift; path = WeatherAPI.swift; sourceTree = "<group>"; };
		4CF5AF1E2B96D46000B2E352 /* Model.framework */ = {isa = PBXFileReference; explicitFileType = wrapper.framework; path = Model.framework; sourceTree = BUILT_PRODUCTS_DIR; };
		4CF5AF222B96D48400B2E352 /* WeatherCore.framework */ = {isa = PBXFileReference; explicitFileType = wrapper.framework; path = WeatherCore.framework; sourceTree = BUILT_PRODUCTS_DIR; };
		4CF5AF402B96D78800B2E352 /* RequestService.swift */ = {isa = PBXFileReference; fileEncoding = 4; lastKnownFileType = sourcecode.swift; path = RequestService.swift; sourceTree = "<group>"; };
		4CF5AF412B96D78800B2E352 /* NetworkError.swift */ = {isa = PBXFileReference; fileEncoding = 4; lastKnownFileType = sourcecode.swift; path = NetworkError.swift; sourceTree = "<group>"; };
		4CF5AF422B96D78800B2E352 /* RequestProtocol.swift */ = {isa = PBXFileReference; fileEncoding = 4; lastKnownFileType = sourcecode.swift; path = RequestProtocol.swift; sourceTree = "<group>"; };
		4CF5AF452B96D78800B2E352 /* RequestServiceProtocol.swift */ = {isa = PBXFileReference; fileEncoding = 4; lastKnownFileType = sourcecode.swift; path = RequestServiceProtocol.swift; sourceTree = "<group>"; };
		4CF5AF4E2B96D84A00B2E352 /* APIRequest.swift */ = {isa = PBXFileReference; fileEncoding = 4; lastKnownFileType = sourcecode.swift; path = APIRequest.swift; sourceTree = "<group>"; };
		4CF5AF502B96D88700B2E352 /* APIResponses.swift */ = {isa = PBXFileReference; fileEncoding = 4; lastKnownFileType = sourcecode.swift; path = APIResponses.swift; sourceTree = "<group>"; };
		4CF5AF542B96DBAD00B2E352 /* WeatherListDataManager.swift */ = {isa = PBXFileReference; fileEncoding = 4; lastKnownFileType = sourcecode.swift; path = WeatherListDataManager.swift; sourceTree = "<group>"; };
		7D2DA81B8D1769176E4EB1BA /* Pods-api-API.debug.xcconfig */ = {isa = PBXFileReference; includeInIndex = 1; lastKnownFileType = text.xcconfig; name = "Pods-api-API.debug.xcconfig"; path = "Target Support Files/Pods-api-API/Pods-api-API.debug.xcconfig"; sourceTree = "<group>"; };
/* End PBXFileReference section */

/* Begin PBXFrameworksBuildPhase section */
		4CF5AE872B96C9B500B2E352 /* Frameworks */ = {
			isa = PBXFrameworksBuildPhase;
			buildActionMask = 2147483647;
			files = (
				4CF5AF1F2B96D46000B2E352 /* Model.framework in Frameworks */,
				B32B5394E3D49450F809B0B1 /* Pods_api_API.framework in Frameworks */,
				4C0D94612B9764EE006BCAD9 /* WeatherCore.framework in Frameworks */,
			);
			runOnlyForDeploymentPostprocessing = 0;
		};
/* End PBXFrameworksBuildPhase section */

/* Begin PBXGroup section */
		4CF5AE802B96C9B500B2E352 = {
			isa = PBXGroup;
			children = (
				4CF5AE8C2B96C9B500B2E352 /* API */,
				4CF5AE8B2B96C9B500B2E352 /* Products */,
				4CF5AF1D2B96D46000B2E352 /* Frameworks */,
				62A99A3124736DF468A4D22A /* Pods */,
			);
			sourceTree = "<group>";
		};
		4CF5AE8B2B96C9B500B2E352 /* Products */ = {
			isa = PBXGroup;
			children = (
				4CF5AE8A2B96C9B500B2E352 /* API.framework */,
			);
			name = Products;
			sourceTree = "<group>";
		};
		4CF5AE8C2B96C9B500B2E352 /* API */ = {
			isa = PBXGroup;
			children = (
				4CF5AF562B96DBC100B2E352 /* NetworkCore */,
				4CF5AED42B96CD8000B2E352 /* WeatherAPI */,
				4CB5F18E2B96ECAF00D10CDA /* API.h */,
			);
			path = API;
			sourceTree = "<group>";
		};
		4CF5AED42B96CD8000B2E352 /* WeatherAPI */ = {
			isa = PBXGroup;
			children = (
				4CF5AF532B96DBA300B2E352 /* API */,
				4CF5AF522B96DB9300B2E352 /* DataManager */,
			);
			path = WeatherAPI;
			sourceTree = "<group>";
		};
		4CF5AF1D2B96D46000B2E352 /* Frameworks */ = {
			isa = PBXGroup;
			children = (
				4C0D94602B9764EE006BCAD9 /* WeatherCore.framework */,
				4CF5AF222B96D48400B2E352 /* WeatherCore.framework */,
				4CF5AF1E2B96D46000B2E352 /* Model.framework */,
				4A4C78FDB8C95DA734912892 /* Pods_api_API.framework */,
			);
			name = Frameworks;
			sourceTree = "<group>";
		};
		4CF5AF3D2B96D76F00B2E352 /* Struct */ = {
			isa = PBXGroup;
			children = (
				4CF5AF502B96D88700B2E352 /* APIResponses.swift */,
				4CF5AF402B96D78800B2E352 /* RequestService.swift */,
			);
			path = Struct;
			sourceTree = "<group>";
		};
		4CF5AF3E2B96D77000B2E352 /* Enum */ = {
			isa = PBXGroup;
			children = (
				4CF5AF412B96D78800B2E352 /* NetworkError.swift */,
				4CF5AF4E2B96D84A00B2E352 /* APIRequest.swift */,
			);
			path = Enum;
			sourceTree = "<group>";
		};
		4CF5AF3F2B96D77000B2E352 /* Protocol */ = {
			isa = PBXGroup;
			children = (
				4CF5AF452B96D78800B2E352 /* RequestServiceProtocol.swift */,
				4CF5AF422B96D78800B2E352 /* RequestProtocol.swift */,
			);
			path = Protocol;
			sourceTree = "<group>";
		};
		4CF5AF522B96DB9300B2E352 /* DataManager */ = {
			isa = PBXGroup;
			children = (
				4CF5AF542B96DBAD00B2E352 /* WeatherListDataManager.swift */,
			);
			path = DataManager;
			sourceTree = "<group>";
		};
		4CF5AF532B96DBA300B2E352 /* API */ = {
			isa = PBXGroup;
			children = (
				4CF5AED52B96CD8800B2E352 /* WeatherAPI.swift */,
			);
			path = API;
			sourceTree = "<group>";
		};
		4CF5AF562B96DBC100B2E352 /* NetworkCore */ = {
			isa = PBXGroup;
			children = (
				4CF5AF3E2B96D77000B2E352 /* Enum */,
				4CF5AF3F2B96D77000B2E352 /* Protocol */,
				4CF5AF3D2B96D76F00B2E352 /* Struct */,
			);
			path = NetworkCore;
			sourceTree = "<group>";
		};
		62A99A3124736DF468A4D22A /* Pods */ = {
			isa = PBXGroup;
			children = (
				7D2DA81B8D1769176E4EB1BA /* Pods-api-API.debug.xcconfig */,
				12A772A2DC72D2CA80B7D94B /* Pods-api-API.release.xcconfig */,
			);
			name = Pods;
			path = ../Pods;
			sourceTree = "<group>";
		};
/* End PBXGroup section */

/* Begin PBXHeadersBuildPhase section */
		4CF5AE852B96C9B500B2E352 /* Headers */ = {
			isa = PBXHeadersBuildPhase;
			buildActionMask = 2147483647;
			files = (
				4CB5F19A2B96EF1E00D10CDA /* API.h in Headers */,
			);
			runOnlyForDeploymentPostprocessing = 0;
		};
/* End PBXHeadersBuildPhase section */

/* Begin PBXNativeTarget section */
		4CF5AE892B96C9B500B2E352 /* API */ = {
			isa = PBXNativeTarget;
			buildConfigurationList = 4CF5AE912B96C9B500B2E352 /* Build configuration list for PBXNativeTarget "API" */;
			buildPhases = (
				E23F4879CB5A777217AC1DD4 /* [CP] Check Pods Manifest.lock */,
				4CF5AE852B96C9B500B2E352 /* Headers */,
				4CF5AE862B96C9B500B2E352 /* Sources */,
				4CF5AE872B96C9B500B2E352 /* Frameworks */,
				4CF5AE882B96C9B500B2E352 /* Resources */,
				4CF5AF212B96D46000B2E352 /* Embed Frameworks */,
			);
			buildRules = (
			);
			dependencies = (
			);
			name = API;
			productName = API;
			productReference = 4CF5AE8A2B96C9B500B2E352 /* API.framework */;
			productType = "com.apple.product-type.framework";
		};
/* End PBXNativeTarget section */

/* Begin PBXProject section */
		4CF5AE812B96C9B500B2E352 /* Project object */ = {
			isa = PBXProject;
			attributes = {
				BuildIndependentTargetsInParallel = 1;
				LastUpgradeCheck = 1520;
				TargetAttributes = {
					4CF5AE892B96C9B500B2E352 = {
						CreatedOnToolsVersion = 15.2;
					};
				};
			};
			buildConfigurationList = 4CF5AE842B96C9B500B2E352 /* Build configuration list for PBXProject "API" */;
			compatibilityVersion = "Xcode 14.0";
			developmentRegion = en;
			hasScannedForEncodings = 0;
			knownRegions = (
				en,
				Base,
			);
			mainGroup = 4CF5AE802B96C9B500B2E352;
			productRefGroup = 4CF5AE8B2B96C9B500B2E352 /* Products */;
			projectDirPath = "";
			projectRoot = "";
			targets = (
				4CF5AE892B96C9B500B2E352 /* API */,
			);
		};
/* End PBXProject section */

/* Begin PBXResourcesBuildPhase section */
		4CF5AE882B96C9B500B2E352 /* Resources */ = {
			isa = PBXResourcesBuildPhase;
			buildActionMask = 2147483647;
			files = (
			);
			runOnlyForDeploymentPostprocessing = 0;
		};
/* End PBXResourcesBuildPhase section */

/* Begin PBXShellScriptBuildPhase section */
		E23F4879CB5A777217AC1DD4 /* [CP] Check Pods Manifest.lock */ = {
			isa = PBXShellScriptBuildPhase;
			buildActionMask = 2147483647;
			files = (
			);
			inputFileListPaths = (
			);
			inputPaths = (
				"${PODS_PODFILE_DIR_PATH}/Podfile.lock",
				"${PODS_ROOT}/Manifest.lock",
			);
			name = "[CP] Check Pods Manifest.lock";
			outputFileListPaths = (
			);
			outputPaths = (
				"$(DERIVED_FILE_DIR)/Pods-api-API-checkManifestLockResult.txt",
			);
			runOnlyForDeploymentPostprocessing = 0;
			shellPath = /bin/sh;
			shellScript = "diff \"${PODS_PODFILE_DIR_PATH}/Podfile.lock\" \"${PODS_ROOT}/Manifest.lock\" > /dev/null\nif [ $? != 0 ] ; then\n    # print error to STDERR\n    echo \"error: The sandbox is not in sync with the Podfile.lock. Run 'pod install' or update your CocoaPods installation.\" >&2\n    exit 1\nfi\n# This output is used by Xcode 'outputs' to avoid re-running this script phase.\necho \"SUCCESS\" > \"${SCRIPT_OUTPUT_FILE_0}\"\n";
			showEnvVarsInLog = 0;
		};
/* End PBXShellScriptBuildPhase section */

/* Begin PBXSourcesBuildPhase section */
		4CF5AE862B96C9B500B2E352 /* Sources */ = {
			isa = PBXSourcesBuildPhase;
			buildActionMask = 2147483647;
			files = (
				4CF5AED62B96CD8800B2E352 /* WeatherAPI.swift in Sources */,
				4CF5AF462B96D78800B2E352 /* RequestService.swift in Sources */,
				4CF5AF512B96D88700B2E352 /* APIResponses.swift in Sources */,
				4CF5AF472B96D78800B2E352 /* NetworkError.swift in Sources */,
				4CF5AF482B96D78800B2E352 /* RequestProtocol.swift in Sources */,
				4CF5AF552B96DBAD00B2E352 /* WeatherListDataManager.swift in Sources */,
				4CF5AF4F2B96D84A00B2E352 /* APIRequest.swift in Sources */,
				4CF5AF4B2B96D78800B2E352 /* RequestServiceProtocol.swift in Sources */,
			);
			runOnlyForDeploymentPostprocessing = 0;
		};
/* End PBXSourcesBuildPhase section */

/* Begin XCBuildConfiguration section */
		4CF5AE8F2B96C9B500B2E352 /* Debug */ = {
			isa = XCBuildConfiguration;
			buildSettings = {
				ALWAYS_SEARCH_USER_PATHS = NO;
				ASSETCATALOG_COMPILER_GENERATE_SWIFT_ASSET_SYMBOL_EXTENSIONS = YES;
				CLANG_ANALYZER_NONNULL = YES;
				CLANG_ANALYZER_NUMBER_OBJECT_CONVERSION = YES_AGGRESSIVE;
				CLANG_CXX_LANGUAGE_STANDARD = "gnu++20";
				CLANG_ENABLE_MODULES = YES;
				CLANG_ENABLE_OBJC_ARC = YES;
				CLANG_ENABLE_OBJC_WEAK = YES;
				CLANG_WARN_BLOCK_CAPTURE_AUTORELEASING = YES;
				CLANG_WARN_BOOL_CONVERSION = YES;
				CLANG_WARN_COMMA = YES;
				CLANG_WARN_CONSTANT_CONVERSION = YES;
				CLANG_WARN_DEPRECATED_OBJC_IMPLEMENTATIONS = YES;
				CLANG_WARN_DIRECT_OBJC_ISA_USAGE = YES_ERROR;
				CLANG_WARN_DOCUMENTATION_COMMENTS = YES;
				CLANG_WARN_EMPTY_BODY = YES;
				CLANG_WARN_ENUM_CONVERSION = YES;
				CLANG_WARN_INFINITE_RECURSION = YES;
				CLANG_WARN_INT_CONVERSION = YES;
				CLANG_WARN_NON_LITERAL_NULL_CONVERSION = YES;
				CLANG_WARN_OBJC_IMPLICIT_RETAIN_SELF = YES;
				CLANG_WARN_OBJC_LITERAL_CONVERSION = YES;
				CLANG_WARN_OBJC_ROOT_CLASS = YES_ERROR;
				CLANG_WARN_QUOTED_INCLUDE_IN_FRAMEWORK_HEADER = YES;
				CLANG_WARN_RANGE_LOOP_ANALYSIS = YES;
				CLANG_WARN_STRICT_PROTOTYPES = YES;
				CLANG_WARN_SUSPICIOUS_MOVE = YES;
				CLANG_WARN_UNGUARDED_AVAILABILITY = YES_AGGRESSIVE;
				CLANG_WARN_UNREACHABLE_CODE = YES;
				CLANG_WARN__DUPLICATE_METHOD_MATCH = YES;
				COPY_PHASE_STRIP = NO;
				CURRENT_PROJECT_VERSION = 1;
				DEBUG_INFORMATION_FORMAT = dwarf;
				ENABLE_STRICT_OBJC_MSGSEND = YES;
				ENABLE_TESTABILITY = YES;
				ENABLE_USER_SCRIPT_SANDBOXING = YES;
				GCC_C_LANGUAGE_STANDARD = gnu17;
				GCC_DYNAMIC_NO_PIC = NO;
				GCC_NO_COMMON_BLOCKS = YES;
				GCC_OPTIMIZATION_LEVEL = 0;
				GCC_PREPROCESSOR_DEFINITIONS = (
					"DEBUG=1",
					"$(inherited)",
				);
				GCC_WARN_64_TO_32_BIT_CONVERSION = YES;
				GCC_WARN_ABOUT_RETURN_TYPE = YES_ERROR;
				GCC_WARN_UNDECLARED_SELECTOR = YES;
				GCC_WARN_UNINITIALIZED_AUTOS = YES_AGGRESSIVE;
				GCC_WARN_UNUSED_FUNCTION = YES;
				GCC_WARN_UNUSED_VARIABLE = YES;
				IPHONEOS_DEPLOYMENT_TARGET = 17.2;
				LOCALIZATION_PREFERS_STRING_CATALOGS = YES;
				MTL_ENABLE_DEBUG_INFO = INCLUDE_SOURCE;
				MTL_FAST_MATH = YES;
				ONLY_ACTIVE_ARCH = YES;
				SDKROOT = iphoneos;
				SWIFT_ACTIVE_COMPILATION_CONDITIONS = "DEBUG $(inherited)";
				SWIFT_OPTIMIZATION_LEVEL = "-Onone";
				VERSIONING_SYSTEM = "apple-generic";
				VERSION_INFO_PREFIX = "";
			};
			name = Debug;
		};
		4CF5AE902B96C9B500B2E352 /* Release */ = {
			isa = XCBuildConfiguration;
			buildSettings = {
				ALWAYS_SEARCH_USER_PATHS = NO;
				ASSETCATALOG_COMPILER_GENERATE_SWIFT_ASSET_SYMBOL_EXTENSIONS = YES;
				CLANG_ANALYZER_NONNULL = YES;
				CLANG_ANALYZER_NUMBER_OBJECT_CONVERSION = YES_AGGRESSIVE;
				CLANG_CXX_LANGUAGE_STANDARD = "gnu++20";
				CLANG_ENABLE_MODULES = YES;
				CLANG_ENABLE_OBJC_ARC = YES;
				CLANG_ENABLE_OBJC_WEAK = YES;
				CLANG_WARN_BLOCK_CAPTURE_AUTORELEASING = YES;
				CLANG_WARN_BOOL_CONVERSION = YES;
				CLANG_WARN_COMMA = YES;
				CLANG_WARN_CONSTANT_CONVERSION = YES;
				CLANG_WARN_DEPRECATED_OBJC_IMPLEMENTATIONS = YES;
				CLANG_WARN_DIRECT_OBJC_ISA_USAGE = YES_ERROR;
				CLANG_WARN_DOCUMENTATION_COMMENTS = YES;
				CLANG_WARN_EMPTY_BODY = YES;
				CLANG_WARN_ENUM_CONVERSION = YES;
				CLANG_WARN_INFINITE_RECURSION = YES;
				CLANG_WARN_INT_CONVERSION = YES;
				CLANG_WARN_NON_LITERAL_NULL_CONVERSION = YES;
				CLANG_WARN_OBJC_IMPLICIT_RETAIN_SELF = YES;
				CLANG_WARN_OBJC_LITERAL_CONVERSION = YES;
				CLANG_WARN_OBJC_ROOT_CLASS = YES_ERROR;
				CLANG_WARN_QUOTED_INCLUDE_IN_FRAMEWORK_HEADER = YES;
				CLANG_WARN_RANGE_LOOP_ANALYSIS = YES;
				CLANG_WARN_STRICT_PROTOTYPES = YES;
				CLANG_WARN_SUSPICIOUS_MOVE = YES;
				CLANG_WARN_UNGUARDED_AVAILABILITY = YES_AGGRESSIVE;
				CLANG_WARN_UNREACHABLE_CODE = YES;
				CLANG_WARN__DUPLICATE_METHOD_MATCH = YES;
				COPY_PHASE_STRIP = NO;
				CURRENT_PROJECT_VERSION = 1;
				DEBUG_INFORMATION_FORMAT = "dwarf-with-dsym";
				ENABLE_NS_ASSERTIONS = NO;
				ENABLE_STRICT_OBJC_MSGSEND = YES;
				ENABLE_USER_SCRIPT_SANDBOXING = YES;
				GCC_C_LANGUAGE_STANDARD = gnu17;
				GCC_NO_COMMON_BLOCKS = YES;
				GCC_WARN_64_TO_32_BIT_CONVERSION = YES;
				GCC_WARN_ABOUT_RETURN_TYPE = YES_ERROR;
				GCC_WARN_UNDECLARED_SELECTOR = YES;
				GCC_WARN_UNINITIALIZED_AUTOS = YES_AGGRESSIVE;
				GCC_WARN_UNUSED_FUNCTION = YES;
				GCC_WARN_UNUSED_VARIABLE = YES;
				IPHONEOS_DEPLOYMENT_TARGET = 17.2;
				LOCALIZATION_PREFERS_STRING_CATALOGS = YES;
				MTL_ENABLE_DEBUG_INFO = NO;
				MTL_FAST_MATH = YES;
				SDKROOT = iphoneos;
				SWIFT_COMPILATION_MODE = wholemodule;
				VALIDATE_PRODUCT = YES;
				VERSIONING_SYSTEM = "apple-generic";
				VERSION_INFO_PREFIX = "";
			};
			name = Release;
		};
		4CF5AE922B96C9B500B2E352 /* Debug */ = {
			isa = XCBuildConfiguration;
			baseConfigurationReference = 7D2DA81B8D1769176E4EB1BA /* Pods-api-API.debug.xcconfig */;
			buildSettings = {
				CODE_SIGN_STYLE = Automatic;
				CURRENT_PROJECT_VERSION = 1;
				DEFINES_MODULE = YES;
				DEVELOPMENT_TEAM = 65NBNZ99K6;
				DYLIB_COMPATIBILITY_VERSION = 1;
				DYLIB_CURRENT_VERSION = 1;
				DYLIB_INSTALL_NAME_BASE = "@rpath";
				ENABLE_MODULE_VERIFIER = YES;
				GENERATE_INFOPLIST_FILE = YES;
				INFOPLIST_KEY_NSHumanReadableCopyright = "";
				INSTALL_PATH = "$(LOCAL_LIBRARY_DIR)/Frameworks";
				IPHONEOS_DEPLOYMENT_TARGET = 15.5;
				LD_RUNPATH_SEARCH_PATHS = (
					"$(inherited)",
					"@executable_path/Frameworks",
					"@loader_path/Frameworks",
				);
				MARKETING_VERSION = 1.0;
				MODULE_VERIFIER_SUPPORTED_LANGUAGES = "objective-c objective-c++";
				MODULE_VERIFIER_SUPPORTED_LANGUAGE_STANDARDS = "gnu17 gnu++20";
				PRODUCT_BUNDLE_IDENTIFIER = com.lahiru.API;
				PRODUCT_NAME = "$(TARGET_NAME:c99extidentifier)";
				SKIP_INSTALL = YES;
				SWIFT_EMIT_LOC_STRINGS = YES;
				SWIFT_VERSION = 5.0;
				TARGETED_DEVICE_FAMILY = "1,2";
			};
			name = Debug;
		};
		4CF5AE932B96C9B500B2E352 /* Release */ = {
			isa = XCBuildConfiguration;
			baseConfigurationReference = 12A772A2DC72D2CA80B7D94B /* Pods-api-API.release.xcconfig */;
			buildSettings = {
				CODE_SIGN_STYLE = Automatic;
				CURRENT_PROJECT_VERSION = 1;
				DEFINES_MODULE = YES;
				DEVELOPMENT_TEAM = 65NBNZ99K6;
				DYLIB_COMPATIBILITY_VERSION = 1;
				DYLIB_CURRENT_VERSION = 1;
				DYLIB_INSTALL_NAME_BASE = "@rpath";
				ENABLE_MODULE_VERIFIER = YES;
				GENERATE_INFOPLIST_FILE = YES;
				INFOPLIST_KEY_NSHumanReadableCopyright = "";
				INSTALL_PATH = "$(LOCAL_LIBRARY_DIR)/Frameworks";
				IPHONEOS_DEPLOYMENT_TARGET = 15.5;
				LD_RUNPATH_SEARCH_PATHS = (
					"$(inherited)",
					"@executable_path/Frameworks",
					"@loader_path/Frameworks",
				);
				MARKETING_VERSION = 1.0;
				MODULE_VERIFIER_SUPPORTED_LANGUAGES = "objective-c objective-c++";
				MODULE_VERIFIER_SUPPORTED_LANGUAGE_STANDARDS = "gnu17 gnu++20";
				PRODUCT_BUNDLE_IDENTIFIER = com.lahiru.API;
				PRODUCT_NAME = "$(TARGET_NAME:c99extidentifier)";
				SKIP_INSTALL = YES;
				SWIFT_EMIT_LOC_STRINGS = YES;
				SWIFT_VERSION = 5.0;
				TARGETED_DEVICE_FAMILY = "1,2";
			};
			name = Release;
		};
/* End XCBuildConfiguration section */

/* Begin XCConfigurationList section */
		4CF5AE842B96C9B500B2E352 /* Build configuration list for PBXProject "API" */ = {
			isa = XCConfigurationList;
			buildConfigurations = (
				4CF5AE8F2B96C9B500B2E352 /* Debug */,
				4CF5AE902B96C9B500B2E352 /* Release */,
			);
			defaultConfigurationIsVisible = 0;
			defaultConfigurationName = Release;
		};
		4CF5AE912B96C9B500B2E352 /* Build configuration list for PBXNativeTarget "API" */ = {
			isa = XCConfigurationList;
			buildConfigurations = (
				4CF5AE922B96C9B500B2E352 /* Debug */,
				4CF5AE932B96C9B500B2E352 /* Release */,
			);
			defaultConfigurationIsVisible = 0;
			defaultConfigurationName = Release;
		};
/* End XCConfigurationList section */
	};
	rootObject = 4CF5AE812B96C9B500B2E352 /* Project object */;
}
